
Microsoft Visual Studio Solution File, Format Version 12.00
# Visual Studio Version 17
VisualStudioVersion = 17.11.35312.102
MinimumVisualStudioVersion = 10.0.40219.1
Project("{FAE04EC0-301F-11D3-BF4B-00C04F79EFBC}") = "JomaVote", "JomaVote\JomaVote.csproj", "{FC7F6585-D690-4219-BC26-FBCB15172F10}"
EndProject
Global
	GlobalSection(SolutionConfigurationPlatforms) = preSolution
		Debug|Any CPU = Debug|Any CPU
		Release|Any CPU = Release|Any CPU
	EndGlobalSection
	GlobalSection(ProjectConfigurationPlatforms) = postSolution
		{FC7F6585-D690-4219-BC26-FBCB15172F10}.Debug|Any CPU.ActiveCfg = Debug|Any CPU
		{FC7F6585-D690-4219-BC26-FBCB15172F10}.Debug|Any CPU.Build.0 = Debug|Any CPU
		{FC7F6585-D690-4219-BC26-FBCB15172F10}.Release|Any CPU.ActiveCfg = Release|Any CPU
		{FC7F6585-D690-4219-BC26-FBCB15172F10}.Release|Any CPU.Build.0 = Release|Any CPU
	EndGlobalSection
	GlobalSection(SolutionProperties) = preSolution
		HideSolutionNode = FALSE
	EndGlobalSection
	GlobalSection(ExtensibilityGlobals) = postSolution
		SolutionGuid = {F8CFC61D-F4D0-4168-832D-EB83301E5E36}
	EndGlobalSection
EndGlobal
